# This file is automatically @generated by Cargo.
# It is not intended for manual editing.
version = 4

[[package]]
name = "_001_helloworld_lib_runner"
version = "0.1.0"
dependencies = [
 "cando2",
]

[[package]]
name = "_003_string_slicing_lib_runner"
version = "0.1.0"
dependencies = [
 "cando2",
]

[[package]]
name = "_004_nineality_sieve_lib_runner"
version = "0.1.0"
dependencies = [
 "cando2",
]

[[package]]
name = "_005_static_loop_lib_runner"
version = "0.1.0"
dependencies = [
 "cando2",
]

[[package]]
name = "_006_static_alias_lib_runner"
version = "0.1.0"
dependencies = [
 "cando2",
]

[[package]]
name = "_007_errno-pow_lib_runner"
version = "0.1.0"
dependencies = [
 "cando2",
]

[[package]]
name = "_008_long_run_lib_runner"
version = "0.1.0"
dependencies = [
 "cando2",
]

[[package]]
name = "_009_stack_buffer_overflow_lib_runner"
version = "0.1.0"
dependencies = [
 "cando2",
]

[[package]]
name = "_010_integer_overflow_lib_runner"
version = "0.1.0"
dependencies = [
 "cando2",
]

[[package]]
name = "_011_uninit_char_ptr_lib_runner"
version = "0.1.0"
dependencies = [
 "cando2",
]

[[package]]
name = "_012_uninit_int_ptr_lib_runner"
version = "0.1.0"
dependencies = [
 "cando2",
]

[[package]]
name = "_013_poor_quality_addition_lib_runner"
version = "0.1.0"
dependencies = [
 "cando2",
]

[[package]]
name = "_014_dead_code_lib_runner"
version = "0.1.0"
dependencies = [
 "cando2",
]

[[package]]
name = "_015_return_stack_buffer_lib_runner"
version = "0.1.0"
dependencies = [
 "cando2",
]

[[package]]
name = "_016_divide_by_zero_float_lib_runner"
version = "0.1.0"
dependencies = [
 "cando2",
]

[[package]]
name = "_017_signed_length_confusion_lib_runner"
version = "0.1.0"
dependencies = [
 "cando2",
]

[[package]]
name = "_018_stack_buffer_overflow_loop1_lib_runner"
version = "0.1.0"
dependencies = [
 "cando2",
]

[[package]]
name = "_019_integer_overflow_char_max_multiply_lib_runner"
version = "0.1.0"
dependencies = [
 "cando2",
]

[[package]]
name = "_020_stack_linked_list_lib_runner"
version = "0.1.0"
dependencies = [
 "cando2",
]

[[package]]
name = "_021_complex_goto_lib_runner"
version = "0.1.0"
dependencies = [
 "cando2",
]

[[package]]
name = "_022_stdlib_div_lib_runner"
version = "0.1.0"
dependencies = [
 "cando2",
]

[[package]]
name = "_023_struct_and_errno_lib_runner"
version = "0.1.0"
dependencies = [
 "cando2",
]

[[package]]
name = "_024_struct_and_static_lib_runner"
version = "0.1.0"
dependencies = [
 "cando2",
]

[[package]]
name = "_025_struct_and_errno_and_static_lib_runner"
version = "0.1.0"
dependencies = [
 "cando2",
]

[[package]]
name = "_026_goto_and_static_lib_runner"
version = "0.1.0"
dependencies = [
 "cando2",
]

[[package]]
name = "_027_ctype_ascii_lib_runner"
version = "0.1.0"
dependencies = [
 "cando2",
]

[[package]]
name = "_028_strchr_lib_runner"
version = "0.1.0"
dependencies = [
 "cando2",
]

[[package]]
name = "_029_strcspn_lib_runner"
version = "0.1.0"
dependencies = [
 "cando2",
]

[[package]]
name = "_030_mutable_buffer_overlap_extrahard_lib_runner"
version = "0.1.0"
dependencies = [
 "cando2",
]

[[package]]
name = "_031_disjoint_arrays_lib_runner"
version = "0.1.0"
dependencies = [
 "cando2",
]

[[package]]
name = "_032_comma_operator_lib_runner"
version = "0.1.0"
dependencies = [
 "cando2",
]

[[package]]
name = "_033_bitfield_lib_runner"
version = "0.1.0"
dependencies = [
 "cando2",
]

[[package]]
name = "_034_cast_to_char_ptr_int_lib_runner"
version = "0.1.0"
dependencies = [
 "cando2",
]

[[package]]
name = "_035_cast_to_char_ptr_float_lib_runner"
version = "0.1.0"
dependencies = [
 "cando2",
]

[[package]]
name = "_036_cast_to_char_ptr_struct_lib_runner"
version = "0.1.0"
dependencies = [
 "cando2",
]

[[package]]
name = "_037_cast_to_char_ptr_int_no_strict_aliasing_lib_runner"
version = "0.1.0"
dependencies = [
 "cando2",
]

[[package]]
name = "_038_cast_to_char_ptr_float_no_strict_aliasing_lib_runner"
version = "0.1.0"
dependencies = [
 "cando2",
]

[[package]]
name = "_039_cast_to_char_ptr_struct_no_strict_aliasing_lib_runner"
version = "0.1.0"
dependencies = [
 "cando2",
]

[[package]]
name = "_040_storage_class_auto_lib_runner"
version = "0.1.0"
dependencies = [
 "cando2",
]

[[package]]
name = "_041_storage_class_register_lib_runner"
version = "0.1.0"
dependencies = [
 "cando2",
]

[[package]]
name = "_042_float_union_lib_runner"
version = "0.1.0"
dependencies = [
 "cando2",
]

[[package]]
name = "_043_iso646_and_digraphs_lib_runner"
version = "0.1.0"
dependencies = [
 "cando2",
]

[[package]]
name = "arbitrary"
version = "1.4.2"
source = "registry+https://github.com/rust-lang/crates.io-index"
checksum = "c3d036a3c4ab069c7b410a2ce876bd74808d2d0888a82667669f8e783a898bf1"
dependencies = [
 "derive_arbitrary",
]

[[package]]
name = "argh"
version = "0.1.17"
source = "registry+https://github.com/rust-lang/crates.io-index"
checksum = "42a66b74feaa2a7eddc2a74d273f151b545742ef375581c5a566607df992565e"
dependencies = [
 "argh_derive",
 "argh_shared",
]

[[package]]
name = "argh_derive"
version = "0.1.17"
source = "registry+https://github.com/rust-lang/crates.io-index"
checksum = "0ce8f59ed4ec07742760cf3593727c8caff28ef4537eeb33be25e5fb454850d1"
dependencies = [
 "argh_shared",
 "proc-macro2",
 "quote",
 "syn",
]

[[package]]
name = "argh_shared"
version = "0.1.17"
source = "registry+https://github.com/rust-lang/crates.io-index"
checksum = "284b476f7c2b6af9aa49f059466ebfa725b0f53c33d271a691e613e9187bf507"
dependencies = [
 "serde",
]

[[package]]
name = "cando2"
version = "0.2.0"
dependencies = [
 "arbitrary",
 "argh",
 "getrandom",
 "libloading",
 "serde",
 "serde_json",
]

[[package]]
name = "cfg-if"
version = "1.0.4"
source = "registry+https://github.com/rust-lang/crates.io-index"
checksum = "9330f8b2ff13f34540b44e946ef35111825727b38d33286ef986142615121801"

[[package]]
name = "derive_arbitrary"
version = "1.4.2"
source = "registry+https://github.com/rust-lang/crates.io-index"
checksum = "1e567bd82dcff979e4b03460c307b3cdc9e96fde3d73bed1496d2bc75d9dd62a"
dependencies = [
 "proc-macro2",
 "quote",
 "syn",
]

[[package]]
name = "equivalent"
version = "1.0.2"
source = "registry+https://github.com/rust-lang/crates.io-index"
checksum = "877a4ace8713b0bcf2a4e7eec82529c029f1d0619886d18145fea96c3ffe5c0f"

[[package]]
name = "getrandom"
version = "0.3.4"
source = "registry+https://github.com/rust-lang/crates.io-index"
checksum = "899def5c37c4fd7b2664648c28120ecec138e4d395b459e5ca34f9cce2dd77fd"
dependencies = [
 "cfg-if",
 "libc",
 "r-efi",
 "wasip2",
]

[[package]]
name = "hashbrown"
version = "0.16.1"
source = "registry+https://github.com/rust-lang/crates.io-index"
checksum = "841d1cc9bed7f9236f321df977030373f4a4163ae1a7dbfe1a51a2c1a51d9100"

[[package]]
name = "indexmap"
version = "2.13.0"
source = "registry+https://github.com/rust-lang/crates.io-index"
checksum = "7714e70437a7dc3ac8eb7e6f8df75fd8eb422675fc7678aff7364301092b1017"
dependencies = [
 "equivalent",
 "hashbrown",
]

[[package]]
name = "itoa"
version = "1.0.17"
source = "registry+https://github.com/rust-lang/crates.io-index"
checksum = "92ecc6618181def0457392ccd0ee51198e065e016d1d527a7ac1b6dc7c1f09d2"

[[package]]
name = "libc"
version = "0.2.183"
source = "registry+https://github.com/rust-lang/crates.io-index"
checksum = "b5b646652bf6661599e1da8901b3b9522896f01e736bad5f723fe7a3a27f899d"

[[package]]
name = "libloading"
version = "0.8.9"
source = "registry+https://github.com/rust-lang/crates.io-index"
checksum = "d7c4b02199fee7c5d21a5ae7d8cfa79a6ef5bb2fc834d6e9058e89c825efdc55"
dependencies = [
 "cfg-if",
 "windows-link",
]

[[package]]
name = "memchr"
version = "2.8.0"
source = "registry+https://github.com/rust-lang/crates.io-index"
checksum = "f8ca58f447f06ed17d5fc4043ce1b10dd205e060fb3ce5b979b8ed8e59ff3f79"

[[package]]
name = "proc-macro2"
version = "1.0.106"
source = "registry+https://github.com/rust-lang/crates.io-index"
checksum = "8fd00f0bb2e90d81d1044c2b32617f68fcb9fa3bb7640c23e9c748e53fb30934"
dependencies = [
 "unicode-ident",
]

[[package]]
name = "quote"
version = "1.0.45"
source = "registry+https://github.com/rust-lang/crates.io-index"
checksum = "41f2619966050689382d2b44f664f4bc593e129785a36d6ee376ddf37259b924"
dependencies = [
 "proc-macro2",
]

[[package]]
name = "r-efi"
version = "5.3.0"
source = "registry+https://github.com/rust-lang/crates.io-index"
checksum = "69cdb34c158ceb288df11e18b4bd39de994f6657d83847bdffdbd7f346754b0f"

[[package]]
name = "serde"
version = "1.0.228"
source = "registry+https://github.com/rust-lang/crates.io-index"
checksum = "9a8e94ea7f378bd32cbbd37198a4a91436180c5bb472411e48b5ec2e2124ae9e"
dependencies = [
 "serde_core",
 "serde_derive",
]

[[package]]
name = "serde_core"
version = "1.0.228"
source = "registry+https://github.com/rust-lang/crates.io-index"
checksum = "41d385c7d4ca58e59fc732af25c3983b67ac852c1a25000afe1175de458b67ad"
dependencies = [
 "serde_derive",
]

[[package]]
name = "serde_derive"
version = "1.0.228"
source = "registry+https://github.com/rust-lang/crates.io-index"
checksum = "d540f220d3187173da220f885ab66608367b6574e925011a9353e4badda91d79"
dependencies = [
 "proc-macro2",
 "quote",
 "syn",
]

[[package]]
name = "serde_json"
version = "1.0.149"
source = "registry+https://github.com/rust-lang/crates.io-index"
checksum = "83fc039473c5595ace860d8c4fafa220ff474b3fc6bfdb4293327f1a37e94d86"
dependencies = [
 "indexmap",
 "itoa",
 "memchr",
 "serde",
 "serde_core",
 "zmij",
]

[[package]]
name = "syn"
version = "2.0.117"
source = "registry+https://github.com/rust-lang/crates.io-index"
checksum = "e665b8803e7b1d2a727f4023456bbbbe74da67099c585258af0ad9c5013b9b99"
dependencies = [
 "proc-macro2",
 "quote",
 "unicode-ident",
]

[[package]]
name = "unicode-ident"
version = "1.0.24"
source = "registry+https://github.com/rust-lang/crates.io-index"
checksum = "e6e4313cd5fcd3dad5cafa179702e2b244f760991f45397d14d4ebf38247da75"

[[package]]
name = "wasip2"
version = "1.0.2+wasi-0.2.9"
source = "registry+https://github.com/rust-lang/crates.io-index"
checksum = "9517f9239f02c069db75e65f174b3da828fe5f5b945c4dd26bd25d89c03ebcf5"
dependencies = [
 "wit-bindgen",
]

[[package]]
name = "windows-link"
version = "0.2.1"
source = "registry+https://github.com/rust-lang/crates.io-index"
checksum = "f0805222e57f7521d6a62e36fa9163bc891acd422f971defe97d64e70d0a4fe5"

[[package]]
name = "wit-bindgen"
version = "0.51.0"
source = "registry+https://github.com/rust-lang/crates.io-index"
checksum = "d7249219f66ced02969388cf2bb044a09756a083d0fab1e566056b04d9fbcaa5"

[[package]]
name = "zmij"
version = "1.0.21"
source = "registry+https://github.com/rust-lang/crates.io-index"
checksum = "b8848ee67ecc8aedbaf3e4122217aff892639231befc6a1b58d29fff4c2cabaa"
